
Microsoft Visual Studio Solution File, Format Version 12.00
# Visual Studio 15
VisualStudioVersion = 15.0.26124.0
MinimumVisualStudioVersion = 15.0.26124.0
Project("{6EC3EE1D-3C4E-46DD-8F32-0CC8E7565705}") = "HeroService.Web", "src\HeroService.Web\HeroService.Web.fsproj", "{9D5456D1-A9BC-4597-AE15-F8D403372113}"
EndProject
Project("{6EC3EE1D-3C4E-46DD-8F32-0CC8E7565705}") = "HeroService.Core", "src\HeroService.Core\HeroService.Core.fsproj", "{7282FA4B-C4B7-45A7-9245-82D6AD29B5EF}"
EndProject
Project("{6EC3EE1D-3C4E-46DD-8F32-0CC8E7565705}") = "HeroService.Core.Tests", "test\HeroService.Core.Tests\HeroService.Core.Tests.fsproj", "{523A7C77-B2CE-4822-825C-27A38E969B10}"
EndProject
Global
	GlobalSection(SolutionConfigurationPlatforms) = preSolution
		Debug|Any CPU = Debug|Any CPU
		Debug|x64 = Debug|x64
		Debug|x86 = Debug|x86
		Release|Any CPU = Release|Any CPU
		Release|x64 = Release|x64
		Release|x86 = Release|x86
	EndGlobalSection
	GlobalSection(ProjectConfigurationPlatforms) = postSolution
		{9D5456D1-A9BC-4597-AE15-F8D403372113}.Debug|Any CPU.ActiveCfg = Debug|Any CPU
		{9D5456D1-A9BC-4597-AE15-F8D403372113}.Debug|Any CPU.Build.0 = Debug|Any CPU
		{9D5456D1-A9BC-4597-AE15-F8D403372113}.Debug|x64.ActiveCfg = Debug|Any CPU
		{9D5456D1-A9BC-4597-AE15-F8D403372113}.Debug|x64.Build.0 = Debug|Any CPU
		{9D5456D1-A9BC-4597-AE15-F8D403372113}.Debug|x86.ActiveCfg = Debug|Any CPU
		{9D5456D1-A9BC-4597-AE15-F8D403372113}.Debug|x86.Build.0 = Debug|Any CPU
		{9D5456D1-A9BC-4597-AE15-F8D403372113}.Release|Any CPU.ActiveCfg = Release|Any CPU
		{9D5456D1-A9BC-4597-AE15-F8D403372113}.Release|Any CPU.Build.0 = Release|Any CPU
		{9D5456D1-A9BC-4597-AE15-F8D403372113}.Release|x64.ActiveCfg = Release|Any CPU
		{9D5456D1-A9BC-4597-AE15-F8D403372113}.Release|x64.Build.0 = Release|Any CPU
		{9D5456D1-A9BC-4597-AE15-F8D403372113}.Release|x86.ActiveCfg = Release|Any CPU
		{9D5456D1-A9BC-4597-AE15-F8D403372113}.Release|x86.Build.0 = Release|Any CPU
		{7282FA4B-C4B7-45A7-9245-82D6AD29B5EF}.Debug|Any CPU.ActiveCfg = Debug|Any CPU
		{7282FA4B-C4B7-45A7-9245-82D6AD29B5EF}.Debug|Any CPU.Build.0 = Debug|Any CPU
		{7282FA4B-C4B7-45A7-9245-82D6AD29B5EF}.Debug|x64.ActiveCfg = Debug|Any CPU
		{7282FA4B-C4B7-45A7-9245-82D6AD29B5EF}.Debug|x64.Build.0 = Debug|Any CPU
		{7282FA4B-C4B7-45A7-9245-82D6AD29B5EF}.Debug|x86.ActiveCfg = Debug|Any CPU
		{7282FA4B-C4B7-45A7-9245-82D6AD29B5EF}.Debug|x86.Build.0 = Debug|Any CPU
		{7282FA4B-C4B7-45A7-9245-82D6AD29B5EF}.Release|Any CPU.ActiveCfg = Release|Any CPU
		{7282FA4B-C4B7-45A7-9245-82D6AD29B5EF}.Release|Any CPU.Build.0 = Release|Any CPU
		{7282FA4B-C4B7-45A7-9245-82D6AD29B5EF}.Release|x64.ActiveCfg = Release|Any CPU
		{7282FA4B-C4B7-45A7-9245-82D6AD29B5EF}.Release|x64.Build.0 = Release|Any CPU
		{7282FA4B-C4B7-45A7-9245-82D6AD29B5EF}.Release|x86.ActiveCfg = Release|Any CPU
		{7282FA4B-C4B7-45A7-9245-82D6AD29B5EF}.Release|x86.Build.0 = Release|Any CPU
		{523A7C77-B2CE-4822-825C-27A38E969B10}.Debug|Any CPU.ActiveCfg = Debug|Any CPU
		{523A7C77-B2CE-4822-825C-27A38E969B10}.Debug|Any CPU.Build.0 = Debug|Any CPU
		{523A7C77-B2CE-4822-825C-27A38E969B10}.Debug|x64.ActiveCfg = Debug|Any CPU
		{523A7C77-B2CE-4822-825C-27A38E969B10}.Debug|x64.Build.0 = Debug|Any CPU
		{523A7C77-B2CE-4822-825C-27A38E969B10}.Debug|x86.ActiveCfg = Debug|Any CPU
		{523A7C77-B2CE-4822-825C-27A38E969B10}.Debug|x86.Build.0 = Debug|Any CPU
		{523A7C77-B2CE-4822-825C-27A38E969B10}.Release|Any CPU.ActiveCfg = Release|Any CPU
		{523A7C77-B2CE-4822-825C-27A38E969B10}.Release|Any CPU.Build.0 = Release|Any CPU
		{523A7C77-B2CE-4822-825C-27A38E969B10}.Release|x64.ActiveCfg = Release|Any CPU
		{523A7C77-B2CE-4822-825C-27A38E969B10}.Release|x64.Build.0 = Release|Any CPU
		{523A7C77-B2CE-4822-825C-27A38E969B10}.Release|x86.ActiveCfg = Release|Any CPU
		{523A7C77-B2CE-4822-825C-27A38E969B10}.Release|x86.Build.0 = Release|Any CPU
	EndGlobalSection
	GlobalSection(SolutionProperties) = preSolution
		HideSolutionNode = FALSE
	EndGlobalSection
	GlobalSection(ExtensibilityGlobals) = postSolution
		SolutionGuid = {5DC3CAB4-5BD4-4F31-9A03-FA664D8B9493}
	EndGlobalSection
EndGlobal
